
Microsoft Visual Studio Solution File, Format Version 12.00
# Visual Studio Version 16
VisualStudioVersion = 16.0.30406.217
MinimumVisualStudioVersion = 10.0.40219.1
Project("{FAE04EC0-301F-11D3-BF4B-00C04F79EFBC}") = "ASP.NET Web API Demo", "ASP.NET Web API Demo.csproj", "{A9114D75-902E-4076-8115-AB739541C969}"
EndProject
Global
	GlobalSection(SolutionConfigurationPlatforms) = preSolution
		Debug|Any CPU = Debug|Any CPU
		Release|Any CPU = Release|Any CPU
	EndGlobalSection
	GlobalSection(ProjectConfigurationPlatforms) = postSolution
		{A9114D75-902E-4076-8115-AB739541C969}.Debug|Any CPU.ActiveCfg = Debug|Any CPU
		{A9114D75-902E-4076-8115-AB739541C969}.Debug|Any CPU.Build.0 = Debug|Any CPU
		{A9114D75-902E-4076-8115-AB739541C969}.Release|Any CPU.ActiveCfg = Release|Any CPU
		{A9114D75-902E-4076-8115-AB739541C969}.Release|Any CPU.Build.0 = Release|Any CPU
	EndGlobalSection
	GlobalSection(SolutionProperties) = preSolution
		HideSolutionNode = FALSE
	EndGlobalSection
	GlobalSection(ExtensibilityGlobals) = postSolution
		SolutionGuid = {828FAE3E-067B-4AFE-A7E5-EE6C157A0F7D}
	EndGlobalSection
EndGlobal
